
Microsoft Visual Studio Solution File, Format Version 12.00
# Visual Studio Version 16
VisualStudioVersion = 16.0.32228.343
MinimumVisualStudioVersion = 10.0.40219.1
Project("{9A19103F-16F7-4668-BE54-9A1E7A4F7556}") = "8Aprel", "8Aprel\8Aprel.csproj", "{119654EB-BAEE-42D4-8EDB-FB3FCCB6A7CF}"
EndProject
Project("{9A19103F-16F7-4668-BE54-9A1E7A4F7556}") = "ClassLibrary", "ClassLibrary\ClassLibrary.csproj", "{1D7FA349-BB86-4967-98A1-8EFD25689B6F}"
EndProject
Project("{FAE04EC0-301F-11D3-BF4B-00C04F79EFBC}") = "Switch", "Switch\Switch.csproj", "{A2480938-6696-4BC1-9D17-A1D9E9546877}"
EndProject
Global
	GlobalSection(SolutionConfigurationPlatforms) = preSolution
		Debug|Any CPU = Debug|Any CPU
		Release|Any CPU = Release|Any CPU
	EndGlobalSection
	GlobalSection(ProjectConfigurationPlatforms) = postSolution
		{119654EB-BAEE-42D4-8EDB-FB3FCCB6A7CF}.Debug|Any CPU.ActiveCfg = Debug|Any CPU
		{119654EB-BAEE-42D4-8EDB-FB3FCCB6A7CF}.Debug|Any CPU.Build.0 = Debug|Any CPU
		{119654EB-BAEE-42D4-8EDB-FB3FCCB6A7CF}.Release|Any CPU.ActiveCfg = Release|Any CPU
		{119654EB-BAEE-42D4-8EDB-FB3FCCB6A7CF}.Release|Any CPU.Build.0 = Release|Any CPU
		{1D7FA349-BB86-4967-98A1-8EFD25689B6F}.Debug|Any CPU.ActiveCfg = Debug|Any CPU
		{1D7FA349-BB86-4967-98A1-8EFD25689B6F}.Debug|Any CPU.Build.0 = Debug|Any CPU
		{1D7FA349-BB86-4967-98A1-8EFD25689B6F}.Release|Any CPU.ActiveCfg = Release|Any CPU
		{1D7FA349-BB86-4967-98A1-8EFD25689B6F}.Release|Any CPU.Build.0 = Release|Any CPU
		{A2480938-6696-4BC1-9D17-A1D9E9546877}.Debug|Any CPU.ActiveCfg = Debug|Any CPU
		{A2480938-6696-4BC1-9D17-A1D9E9546877}.Debug|Any CPU.Build.0 = Debug|Any CPU
		{A2480938-6696-4BC1-9D17-A1D9E9546877}.Release|Any CPU.ActiveCfg = Release|Any CPU
		{A2480938-6696-4BC1-9D17-A1D9E9546877}.Release|Any CPU.Build.0 = Release|Any CPU
	EndGlobalSection
	GlobalSection(SolutionProperties) = preSolution
		HideSolutionNode = FALSE
	EndGlobalSection
	GlobalSection(ExtensibilityGlobals) = postSolution
		SolutionGuid = {2D7A286F-22A0-40BC-A4AF-9E5793680CEC}
	EndGlobalSection
EndGlobal
